Microsoft Visual Studio Solution File, Format Version 12.00
# Visual Studio Version 17
VisualStudioVersion = 17.5.2.0
MinimumVisualStudioVersion = 10.0.40219.1
Project("{FAE04EC0-301F-11D3-BF4B-00C04F79EFBC}") = "IelChallengeApi", "IelChallengeApi.csproj", "{5C9AC3C2-F77F-0E6B-BCF9-A3EAD34D4D36}"
EndProject
Global
	GlobalSection(SolutionConfigurationPlatforms) = preSolution
		Debug|Any CPU = Debug|Any CPU
		Release|Any CPU = Release|Any CPU
	EndGlobalSection
	GlobalSection(ProjectConfigurationPlatforms) = postSolution
		{5C9AC3C2-F77F-0E6B-BCF9-A3EAD34D4D36}.Debug|Any CPU.ActiveCfg = Debug|Any CPU
		{5C9AC3C2-F77F-0E6B-BCF9-A3EAD34D4D36}.Debug|Any CPU.Build.0 = Debug|Any CPU
		{5C9AC3C2-F77F-0E6B-BCF9-A3EAD34D4D36}.Release|Any CPU.ActiveCfg = Release|Any CPU
		{5C9AC3C2-F77F-0E6B-BCF9-A3EAD34D4D36}.Release|Any CPU.Build.0 = Release|Any CPU
	EndGlobalSection
	GlobalSection(SolutionProperties) = preSolution
		HideSolutionNode = FALSE
	EndGlobalSection
	GlobalSection(ExtensibilityGlobals) = postSolution
		SolutionGuid = {D68D28EF-72F9-4DBD-941A-FA21C94A2937}
	EndGlobalSection
EndGlobal
